
Microsoft Visual Studio Solution File, Format Version 12.00
# Visual Studio 15
VisualStudioVersion = 15.0.27004.2006
MinimumVisualStudioVersion = 10.0.40219.1
Project("{2150E333-8FDC-42A3-9474-1A3956D46DE8}") = "DB", "DB", "{1DB5CAF2-EB8E-471D-83A4-9346232D44AA}"
EndProject
Project("{00D1A9C2-B5F0-4AF3-8072-F6C62B433612}") = "MataDB", "MataDB\MataDB.sqlproj", "{C51477E0-B143-486D-9CEF-F5161CB18674}"
EndProject
Project("{2150E333-8FDC-42A3-9474-1A3956D46DE8}") = "BL", "BL", "{35F4A196-7849-4C00-98A9-FF4BE7AEF599}"
EndProject
Project("{2150E333-8FDC-42A3-9474-1A3956D46DE8}") = "Data", "Data", "{013BDD3D-7ACA-49F1-8E2A-0EFCC502CDCB}"
EndProject
Project("{2150E333-8FDC-42A3-9474-1A3956D46DE8}") = "Infrastructure", "Infrastructure", "{A143FF69-8F7D-471E-A6E7-AA09F6B76D66}"
EndProject
Project("{2150E333-8FDC-42A3-9474-1A3956D46DE8}") = "Presentation", "Presentation", "{26A190CF-27FC-41C8-9F21-B671ED334F5B}"
EndProject
Project("{FAE04EC0-301F-11D3-BF4B-00C04F79EFBC}") = "MATA.Data.Entities", "MATA.Data.Entities\MATA.Data.Entities.csproj", "{F1314A7A-9EE6-4989-8ED5-99B305BA09F0}"
EndProject
Project("{FAE04EC0-301F-11D3-BF4B-00C04F79EFBC}") = "MATA.BL", "MATA.BL\MATA.BL.csproj", "{5386AEEB-48B5-45FB-858E-120F68D5D1B1}"
EndProject
Project("{FAE04EC0-301F-11D3-BF4B-00C04F79EFBC}") = "MATA.Data.DTO", "MATA.Data.DTO\MATA.Data.DTO.csproj", "{0AF947F0-FBE4-40C2-850C-F2087C8C577A}"
EndProject
Project("{FAE04EC0-301F-11D3-BF4B-00C04F79EFBC}") = "MATA.Infrastructure.Utils", "MATA.Infrastructure.Utils\MATA.Infrastructure.Utils.csproj", "{36A25697-0FF0-4930-8C2A-28B5A3920846}"
EndProject
Project("{FAE04EC0-301F-11D3-BF4B-00C04F79EFBC}") = "MATA.Presentation.Web", "MATA.Presentation.Web\MATA.Presentation.Web.csproj", "{7EFE79F9-F2D2-4FF0-81BE-CAD78172B641}"
EndProject
Project("{FAE04EC0-301F-11D3-BF4B-00C04F79EFBC}") = "MATA.Presentation.Web.Tests", "MATA.Presentation.Web.Tests\MATA.Presentation.Web.Tests.csproj", "{6860C7CD-AA00-4FAC-BDB9-574413963A82}"
EndProject
Project("{FAE04EC0-301F-11D3-BF4B-00C04F79EFBC}") = "MATA.Data.Common", "MATA.Data.Common\MATA.Data.Common.csproj", "{3BB50E27-9367-414D-AD25-20B4805CD404}"
EndProject
Project("{2150E333-8FDC-42A3-9474-1A3956D46DE8}") = "Batch", "Batch", "{B73B0E25-1839-4018-A850-918543E0C346}"
EndProject
Project("{FAE04EC0-301F-11D3-BF4B-00C04F79EFBC}") = "MATA.Batch.MailSender", "MATA.Batch.MailSender\MATA.Batch.MailSender.csproj", "{6BA4B050-ABB5-42CB-83AC-79AC0EE56231}"
EndProject
Project("{FAE04EC0-301F-11D3-BF4B-00C04F79EFBC}") = "MATA.Data.Repositories", "MATA.Data.Repositories\MATA.Data.Repositories.csproj", "{79ABA3B3-35E0-4AE0-ABF6-C61080FE6033}"
EndProject
Project("{FAE04EC0-301F-11D3-BF4B-00C04F79EFBC}") = "MATA.Batch.MailService", "MATA.Batch.MailService\MATA.Batch.MailService.csproj", "{BEA604DD-BE6C-430F-9E95-76F1957A7E1B}"
EndProject
Project("{2150E333-8FDC-42A3-9474-1A3956D46DE8}") = "Test", "Test", "{98F9C998-BBFF-4330-A45C-250E83C05A6E}"
EndProject
Global
	GlobalSection(SolutionConfigurationPlatforms) = preSolution
		Debug|Any CPU = Debug|Any CPU
		Release|Any CPU = Release|Any CPU
	EndGlobalSection
	GlobalSection(ProjectConfigurationPlatforms) = postSolution
		{C51477E0-B143-486D-9CEF-F5161CB18674}.Debug|Any CPU.ActiveCfg = Debug|Any CPU
		{C51477E0-B143-486D-9CEF-F5161CB18674}.Debug|Any CPU.Build.0 = Debug|Any CPU
		{C51477E0-B143-486D-9CEF-F5161CB18674}.Debug|Any CPU.Deploy.0 = Debug|Any CPU
		{C51477E0-B143-486D-9CEF-F5161CB18674}.Release|Any CPU.ActiveCfg = Release|Any CPU
		{C51477E0-B143-486D-9CEF-F5161CB18674}.Release|Any CPU.Build.0 = Release|Any CPU
		{C51477E0-B143-486D-9CEF-F5161CB18674}.Release|Any CPU.Deploy.0 = Release|Any CPU
		{F1314A7A-9EE6-4989-8ED5-99B305BA09F0}.Debug|Any CPU.ActiveCfg = Debug|Any CPU
		{F1314A7A-9EE6-4989-8ED5-99B305BA09F0}.Debug|Any CPU.Build.0 = Debug|Any CPU
		{F1314A7A-9EE6-4989-8ED5-99B305BA09F0}.Release|Any CPU.ActiveCfg = Release|Any CPU
		{F1314A7A-9EE6-4989-8ED5-99B305BA09F0}.Release|Any CPU.Build.0 = Release|Any CPU
		{5386AEEB-48B5-45FB-858E-120F68D5D1B1}.Debug|Any CPU.ActiveCfg = Debug|Any CPU
		{5386AEEB-48B5-45FB-858E-120F68D5D1B1}.Debug|Any CPU.Build.0 = Debug|Any CPU
		{5386AEEB-48B5-45FB-858E-120F68D5D1B1}.Release|Any CPU.ActiveCfg = Release|Any CPU
		{5386AEEB-48B5-45FB-858E-120F68D5D1B1}.Release|Any CPU.Build.0 = Release|Any CPU
		{0AF947F0-FBE4-40C2-850C-F2087C8C577A}.Debug|Any CPU.ActiveCfg = Debug|Any CPU
		{0AF947F0-FBE4-40C2-850C-F2087C8C577A}.Debug|Any CPU.Build.0 = Debug|Any CPU
		{0AF947F0-FBE4-40C2-850C-F2087C8C577A}.Release|Any CPU.ActiveCfg = Release|Any CPU
		{0AF947F0-FBE4-40C2-850C-F2087C8C577A}.Release|Any CPU.Build.0 = Release|Any CPU
		{36A25697-0FF0-4930-8C2A-28B5A3920846}.Debug|Any CPU.ActiveCfg = Debug|Any CPU
		{36A25697-0FF0-4930-8C2A-28B5A3920846}.Debug|Any CPU.Build.0 = Debug|Any CPU
		{36A25697-0FF0-4930-8C2A-28B5A3920846}.Release|Any CPU.ActiveCfg = Release|Any CPU
		{36A25697-0FF0-4930-8C2A-28B5A3920846}.Release|Any CPU.Build.0 = Release|Any CPU
		{7EFE79F9-F2D2-4FF0-81BE-CAD78172B641}.Debug|Any CPU.ActiveCfg = Debug|Any CPU
		{7EFE79F9-F2D2-4FF0-81BE-CAD78172B641}.Debug|Any CPU.Build.0 = Debug|Any CPU
		{7EFE79F9-F2D2-4FF0-81BE-CAD78172B641}.Release|Any CPU.ActiveCfg = Release|Any CPU
		{7EFE79F9-F2D2-4FF0-81BE-CAD78172B641}.Release|Any CPU.Build.0 = Release|Any CPU
		{6860C7CD-AA00-4FAC-BDB9-574413963A82}.Debug|Any CPU.ActiveCfg = Debug|Any CPU
		{6860C7CD-AA00-4FAC-BDB9-574413963A82}.Debug|Any CPU.Build.0 = Debug|Any CPU
		{6860C7CD-AA00-4FAC-BDB9-574413963A82}.Release|Any CPU.ActiveCfg = Release|Any CPU
		{6860C7CD-AA00-4FAC-BDB9-574413963A82}.Release|Any CPU.Build.0 = Release|Any CPU
		{3BB50E27-9367-414D-AD25-20B4805CD404}.Debug|Any CPU.ActiveCfg = Debug|Any CPU
		{3BB50E27-9367-414D-AD25-20B4805CD404}.Debug|Any CPU.Build.0 = Debug|Any CPU
		{3BB50E27-9367-414D-AD25-20B4805CD404}.Release|Any CPU.ActiveCfg = Release|Any CPU
		{3BB50E27-9367-414D-AD25-20B4805CD404}.Release|Any CPU.Build.0 = Release|Any CPU
		{6BA4B050-ABB5-42CB-83AC-79AC0EE56231}.Debug|Any CPU.ActiveCfg = Debug|Any CPU
		{6BA4B050-ABB5-42CB-83AC-79AC0EE56231}.Debug|Any CPU.Build.0 = Debug|Any CPU
		{6BA4B050-ABB5-42CB-83AC-79AC0EE56231}.Release|Any CPU.ActiveCfg = Release|Any CPU
		{6BA4B050-ABB5-42CB-83AC-79AC0EE56231}.Release|Any CPU.Build.0 = Release|Any CPU
		{79ABA3B3-35E0-4AE0-ABF6-C61080FE6033}.Debug|Any CPU.ActiveCfg = Debug|Any CPU
		{79ABA3B3-35E0-4AE0-ABF6-C61080FE6033}.Debug|Any CPU.Build.0 = Debug|Any CPU
		{79ABA3B3-35E0-4AE0-ABF6-C61080FE6033}.Release|Any CPU.ActiveCfg = Release|Any CPU
		{79ABA3B3-35E0-4AE0-ABF6-C61080FE6033}.Release|Any CPU.Build.0 = Release|Any CPU
		{BEA604DD-BE6C-430F-9E95-76F1957A7E1B}.Debug|Any CPU.ActiveCfg = Debug|Any CPU
		{BEA604DD-BE6C-430F-9E95-76F1957A7E1B}.Debug|Any CPU.Build.0 = Debug|Any CPU
		{BEA604DD-BE6C-430F-9E95-76F1957A7E1B}.Release|Any CPU.ActiveCfg = Release|Any CPU
		{BEA604DD-BE6C-430F-9E95-76F1957A7E1B}.Release|Any CPU.Build.0 = Release|Any CPU
	EndGlobalSection
	GlobalSection(SolutionProperties) = preSolution
		HideSolutionNode = FALSE
	EndGlobalSection
	GlobalSection(NestedProjects) = preSolution
		{C51477E0-B143-486D-9CEF-F5161CB18674} = {1DB5CAF2-EB8E-471D-83A4-9346232D44AA}
		{F1314A7A-9EE6-4989-8ED5-99B305BA09F0} = {013BDD3D-7ACA-49F1-8E2A-0EFCC502CDCB}
		{5386AEEB-48B5-45FB-858E-120F68D5D1B1} = {35F4A196-7849-4C00-98A9-FF4BE7AEF599}
		{0AF947F0-FBE4-40C2-850C-F2087C8C577A} = {013BDD3D-7ACA-49F1-8E2A-0EFCC502CDCB}
		{36A25697-0FF0-4930-8C2A-28B5A3920846} = {A143FF69-8F7D-471E-A6E7-AA09F6B76D66}
		{7EFE79F9-F2D2-4FF0-81BE-CAD78172B641} = {26A190CF-27FC-41C8-9F21-B671ED334F5B}
		{6860C7CD-AA00-4FAC-BDB9-574413963A82} = {26A190CF-27FC-41C8-9F21-B671ED334F5B}
		{3BB50E27-9367-414D-AD25-20B4805CD404} = {013BDD3D-7ACA-49F1-8E2A-0EFCC502CDCB}
		{6BA4B050-ABB5-42CB-83AC-79AC0EE56231} = {B73B0E25-1839-4018-A850-918543E0C346}
		{79ABA3B3-35E0-4AE0-ABF6-C61080FE6033} = {013BDD3D-7ACA-49F1-8E2A-0EFCC502CDCB}
		{BEA604DD-BE6C-430F-9E95-76F1957A7E1B} = {B73B0E25-1839-4018-A850-918543E0C346}
	EndGlobalSection
	GlobalSection(ExtensibilityGlobals) = postSolution
		SolutionGuid = {242517C1-72FB-4F62-9BB5-DC7DC2BBCBC3}
	EndGlobalSection
EndGlobal
